
Microsoft Visual Studio Solution File, Format Version 12.00
# Visual Studio 2013
VisualStudioVersion = 12.0.21005.1
MinimumVisualStudioVersion = 10.0.40219.1
Project("{8BC9CEB8-8B4A-11D0-8D11-00A0C91BC942}") = "math", "math\math.vcxproj", "{B97A8ED5-00E7-4900-A581-04ED02500DCE}"
EndProject
Project("{8BC9CEB8-8B4A-11D0-8D11-00A0C91BC942}") = "model", "model\model.vcxproj", "{7EDBC579-D42D-4EA4-B690-0FBCD4EC44F9}"
EndProject
Project("{8BC9CEB8-8B4A-11D0-8D11-00A0C91BC942}") = "shared", "shared\shared.vcxproj", "{EB192615-EE60-466E-B8C0-35BB1FB96EF2}"
	ProjectSection(ProjectDependencies) = postProject
		{E1B01525-8DAB-40AD-B372-86B160D34728} = {E1B01525-8DAB-40AD-B372-86B160D34728}
	EndProjectSection
EndProject
Project("{8BC9CEB8-8B4A-11D0-8D11-00A0C91BC942}") = "renderer", "renderer\renderer.vcxproj", "{45B260A8-DF0E-483C-B86C-70A1528248AB}"
	ProjectSection(ProjectDependencies) = postProject
		{8C340417-92D2-447C-83A8-08C104277967} = {8C340417-92D2-447C-83A8-08C104277967}
	EndProjectSection
EndProject
Project("{8BC9CEB8-8B4A-11D0-8D11-00A0C91BC942}") = "zlib", "zlib\zlib.vcxproj", "{CAD698A7-4B21-437C-992D-C62DE1BDC43F}"
EndProject
Project("{8BC9CEB8-8B4A-11D0-8D11-00A0C91BC942}") = "libpng", "libpng\libpng.vcxproj", "{E1B01525-8DAB-40AD-B372-86B160D34728}"
	ProjectSection(ProjectDependencies) = postProject
		{CAD698A7-4B21-437C-992D-C62DE1BDC43F} = {CAD698A7-4B21-437C-992D-C62DE1BDC43F}
	EndProjectSection
EndProject
Project("{8BC9CEB8-8B4A-11D0-8D11-00A0C91BC942}") = "libdrawtext", "libdrawtext\libdrawtext.vcxproj", "{8C340417-92D2-447C-83A8-08C104277967}"
EndProject
Project("{8BC9CEB8-8B4A-11D0-8D11-00A0C91BC942}") = "ui", "ui\ui.vcxproj", "{D1D9EF77-24CD-4622-800D-189939FCB044}"
EndProject
Project("{8BC9CEB8-8B4A-11D0-8D11-00A0C91BC942}") = "demo", "demo\demo.vcxproj", "{3A9F58FE-B3C7-46EB-A0E2-B1676E9014EC}"
EndProject
Global
	GlobalSection(SolutionConfigurationPlatforms) = preSolution
		Debug|Win32 = Debug|Win32
		Release|Win32 = Release|Win32
	EndGlobalSection
	GlobalSection(ProjectConfigurationPlatforms) = postSolution
		{B97A8ED5-00E7-4900-A581-04ED02500DCE}.Debug|Win32.ActiveCfg = Debug|Win32
		{B97A8ED5-00E7-4900-A581-04ED02500DCE}.Debug|Win32.Build.0 = Debug|Win32
		{B97A8ED5-00E7-4900-A581-04ED02500DCE}.Release|Win32.ActiveCfg = Release|Win32
		{B97A8ED5-00E7-4900-A581-04ED02500DCE}.Release|Win32.Build.0 = Release|Win32
		{7EDBC579-D42D-4EA4-B690-0FBCD4EC44F9}.Debug|Win32.ActiveCfg = Debug|Win32
		{7EDBC579-D42D-4EA4-B690-0FBCD4EC44F9}.Debug|Win32.Build.0 = Debug|Win32
		{7EDBC579-D42D-4EA4-B690-0FBCD4EC44F9}.Release|Win32.ActiveCfg = Release|Win32
		{7EDBC579-D42D-4EA4-B690-0FBCD4EC44F9}.Release|Win32.Build.0 = Release|Win32
		{EB192615-EE60-466E-B8C0-35BB1FB96EF2}.Debug|Win32.ActiveCfg = Debug|Win32
		{EB192615-EE60-466E-B8C0-35BB1FB96EF2}.Debug|Win32.Build.0 = Debug|Win32
		{EB192615-EE60-466E-B8C0-35BB1FB96EF2}.Release|Win32.ActiveCfg = Release|Win32
		{EB192615-EE60-466E-B8C0-35BB1FB96EF2}.Release|Win32.Build.0 = Release|Win32
		{45B260A8-DF0E-483C-B86C-70A1528248AB}.Debug|Win32.ActiveCfg = Debug|Win32
		{45B260A8-DF0E-483C-B86C-70A1528248AB}.Debug|Win32.Build.0 = Debug|Win32
		{45B260A8-DF0E-483C-B86C-70A1528248AB}.Release|Win32.ActiveCfg = Release|Win32
		{45B260A8-DF0E-483C-B86C-70A1528248AB}.Release|Win32.Build.0 = Release|Win32
		{CAD698A7-4B21-437C-992D-C62DE1BDC43F}.Debug|Win32.ActiveCfg = Debug|Win32
		{CAD698A7-4B21-437C-992D-C62DE1BDC43F}.Debug|Win32.Build.0 = Debug|Win32
		{CAD698A7-4B21-437C-992D-C62DE1BDC43F}.Release|Win32.ActiveCfg = Release|Win32
		{CAD698A7-4B21-437C-992D-C62DE1BDC43F}.Release|Win32.Build.0 = Release|Win32
		{E1B01525-8DAB-40AD-B372-86B160D34728}.Debug|Win32.ActiveCfg = Debug|Win32
		{E1B01525-8DAB-40AD-B372-86B160D34728}.Debug|Win32.Build.0 = Debug|Win32
		{E1B01525-8DAB-40AD-B372-86B160D34728}.Release|Win32.ActiveCfg = Release|Win32
		{E1B01525-8DAB-40AD-B372-86B160D34728}.Release|Win32.Build.0 = Release|Win32
		{8C340417-92D2-447C-83A8-08C104277967}.Debug|Win32.ActiveCfg = Debug|Win32
		{8C340417-92D2-447C-83A8-08C104277967}.Debug|Win32.Build.0 = Debug|Win32
		{8C340417-92D2-447C-83A8-08C104277967}.Release|Win32.ActiveCfg = Release|Win32
		{8C340417-92D2-447C-83A8-08C104277967}.Release|Win32.Build.0 = Release|Win32
		{D1D9EF77-24CD-4622-800D-189939FCB044}.Debug|Win32.ActiveCfg = Debug|Win32
		{D1D9EF77-24CD-4622-800D-189939FCB044}.Debug|Win32.Build.0 = Debug|Win32
		{D1D9EF77-24CD-4622-800D-189939FCB044}.Release|Win32.ActiveCfg = Release|Win32
		{D1D9EF77-24CD-4622-800D-189939FCB044}.Release|Win32.Build.0 = Release|Win32
		{3A9F58FE-B3C7-46EB-A0E2-B1676E9014EC}.Debug|Win32.ActiveCfg = Debug|Win32
		{3A9F58FE-B3C7-46EB-A0E2-B1676E9014EC}.Debug|Win32.Build.0 = Debug|Win32
		{3A9F58FE-B3C7-46EB-A0E2-B1676E9014EC}.Release|Win32.ActiveCfg = Release|Win32
		{3A9F58FE-B3C7-46EB-A0E2-B1676E9014EC}.Release|Win32.Build.0 = Release|Win32
	EndGlobalSection
	GlobalSection(SolutionProperties) = preSolution
		HideSolutionNode = FALSE
	EndGlobalSection
EndGlobal
